{"1.1.0",
[{<<"acceptor_pool">>,{pkg,<<"acceptor_pool">>,<<"1.0.0">>},2},
 {<<"chatterbox">>,{pkg,<<"ts_chatterbox">>,<<"0.9.1">>},2},
 {<<"ctx">>,{pkg,<<"ctx">>,<<"0.5.0">>},2},
 {<<"erqec">>,
  {git,"git@github.com:Svampen/erqec.git",
       {ref,"3d22b435d60cf924ab4e64bb0d6edbeb5298a34e"}},
  0},
 {<<"esockd">>,
  {git,"git@github.com:emqx/esockd.git",
       {ref,"e003f32741fce17c8ddd3b17f797e4274636deef"}},
  1},
 {<<"getopt">>,
  {git,"https://github.com/emqx/getopt.git",
       {ref,"215f2083408e1fe562d441aea6062bf5d9e1fb67"}},
  2},
 {<<"goldrush">>,{pkg,<<"goldrush">>,<<"0.1.9">>},1},
 {<<"gproc">>,{pkg,<<"gproc">>,<<"0.8.0">>},2},
 {<<"grpcbox">>,{pkg,<<"grpcbox">>,<<"0.11.0">>},1},
 {<<"hpack">>,{pkg,<<"hpack_erl">>,<<"0.2.3">>},3},
 {<<"lager">>,
  {git,"git@github.com:erlang-lager/lager.git",
       {ref,"1c0ab772df0535d46a4467857954ee4dcf7f3078"}},
  0},
 {<<"uuid">>,
  {git,"https://github.com/avtobiff/erlang-uuid.git",
       {ref,"cb02a2039a9b29dd2eef0446039c9c6e164df9ef"}},
  0}]}.
[
{pkg_hash,[
 {<<"acceptor_pool">>, <<"43C20D2ACAE35F0C2BCD64F9D2BDE267E459F0F3FD23DAB26485BF518C281B21">>},
 {<<"chatterbox">>, <<"843557EE729B04B3C1BDAC33FB162DAEFDBF4F7AE0AF0BDC055FB16E91E057E3">>},
 {<<"ctx">>, <<"78E0F16712E12D707A7F34277381B8E193D7C71EAA24D37330DC02477C09EDA5">>},
 {<<"goldrush">>, <<"F06E5D5F1277DA5C413E84D5A2924174182FB108DABB39D5EC548B27424CD106">>},
 {<<"gproc">>, <<"CEA02C578589C61E5341FCE149EA36CCEF236CC2ECAC8691FBA408E7EA77EC2F">>},
 {<<"grpcbox">>, <<"EA9F9160120A4884838D397DDE64B36EDB122ADF335238F639DEBC12087DA67F">>},
 {<<"hpack">>, <<"17670F83FF984AE6CD74B1C456EDDE906D27FF013740EE4D9EFAA4F1BF999633">>}]}
].
